
Microsoft Visual Studio Solution File, Format Version 12.00
# Visual Studio Version 17
VisualStudioVersion = 17.0.32014.148
MinimumVisualStudioVersion = 10.0.40219.1
Project("{FAE04EC0-301F-11D3-BF4B-00C04F79EFBC}") = "DSA_CSharp", "DSA_CSharp\DSA_CSharp.csproj", "{00244E88-A229-4705-83EE-C7CB6BB16814}"
EndProject
Global
	GlobalSection(SolutionConfigurationPlatforms) = preSolution
		Debug|Any CPU = Debug|Any CPU
		Release|Any CPU = Release|Any CPU
	EndGlobalSection
	GlobalSection(ProjectConfigurationPlatforms) = postSolution
		{00244E88-A229-4705-83EE-C7CB6BB16814}.Debug|Any CPU.ActiveCfg = Debug|Any CPU
		{00244E88-A229-4705-83EE-C7CB6BB16814}.Debug|Any CPU.Build.0 = Debug|Any CPU
		{00244E88-A229-4705-83EE-C7CB6BB16814}.Release|Any CPU.ActiveCfg = Release|Any CPU
		{00244E88-A229-4705-83EE-C7CB6BB16814}.Release|Any CPU.Build.0 = Release|Any CPU
	EndGlobalSection
	GlobalSection(SolutionProperties) = preSolution
		HideSolutionNode = FALSE
	EndGlobalSection
	GlobalSection(ExtensibilityGlobals) = postSolution
		SolutionGuid = {83F89298-5B8B-43D4-BE8F-BB1FDD4431A7}
	EndGlobalSection
EndGlobal
